# generated by rye
# use `rye lock` or `rye sync` to update this lockfile
#
# last locked with the following flags:
#   pre: false
#   features: []
#   all-features: false
#   with-sources: false

-e file:.
attrs==23.2.0
    # via outcome
    # via trio
certifi==2024.2.2
    # via selenium
h11==0.14.0
    # via wsproto
idna==3.6
    # via trio
outcome==1.3.0.post0
    # via trio
pysocks==1.7.1
    # via urllib3
ruff==0.3.4
    # via scraping
selenium==4.18.1
    # via scraping
sniffio==1.3.1
    # via trio
sortedcontainers==2.4.0
    # via trio
trio==0.25.0
    # via selenium
    # via trio-websocket
trio-websocket==0.11.1
    # via selenium
typing-extensions==4.10.0
    # via selenium
urllib3==2.2.1
    # via selenium
wsproto==1.2.0
    # via trio-websocket
